{
  "requires": true,
  "lockfileVersion": 1,
  "dependencies": {
    "react-router": {
      "version": "6.0.0-beta.1",
      "resolved": "https://registry.npmjs.org/react-router/-/react-router-6.0.0-beta.1.tgz",
      "integrity": "sha512-Y0Pkb9/lYVKl+DGu8a9ZGXFmwczRZrCvoWIIej128wyjXtPrmcraPCy7VHQEgeQ3ps2+YbgIZcTro4FjOoN7HQ=="
    },
    "react-router-dom": {
      "version": "6.0.0-beta.1",
      "resolved": "https://registry.npmjs.org/react-router-dom/-/react-router-dom-6.0.0-beta.1.tgz",
      "integrity": "sha512-tgbY5yy9vC8NFFQAobbPeCBgJDVsWuqw6pQEECUuBntfPMfpBP8Dx1sgOAYPGF13yAxc+h+Piml109ACrcZ3ng==",
      "requires": {
        "react-router": "6.0.0-beta.1"
      }
    }
  }
}
